
Microsoft Visual Studio Solution File, Format Version 12.00
# Visual Studio Version 16
VisualStudioVersion = 16.0.30320.27
MinimumVisualStudioVersion = 10.0.40219.1
Project("{FAE04EC0-301F-11D3-BF4B-00C04F79EFBC}") = "Laboratorinis4", "Laboratorinis4\Laboratorinis4.csproj", "{B221797A-94E1-4C38-9BA6-6594BDD33974}"
EndProject
Project("{FAE04EC0-301F-11D3-BF4B-00C04F79EFBC}") = "UnitTestProject1", "UnitTestProject1\UnitTestProject1.csproj", "{DCE19688-A5C1-469A-B1B5-0625B022E02A}"
	ProjectSection(ProjectDependencies) = postProject
		{B221797A-94E1-4C38-9BA6-6594BDD33974} = {B221797A-94E1-4C38-9BA6-6594BDD33974}
	EndProjectSection
EndProject
Global
	GlobalSection(SolutionConfigurationPlatforms) = preSolution
		Debug|Any CPU = Debug|Any CPU
		Release|Any CPU = Release|Any CPU
	EndGlobalSection
	GlobalSection(ProjectConfigurationPlatforms) = postSolution
		{B221797A-94E1-4C38-9BA6-6594BDD33974}.Debug|Any CPU.ActiveCfg = Debug|Any CPU
		{B221797A-94E1-4C38-9BA6-6594BDD33974}.Debug|Any CPU.Build.0 = Debug|Any CPU
		{B221797A-94E1-4C38-9BA6-6594BDD33974}.Release|Any CPU.ActiveCfg = Release|Any CPU
		{B221797A-94E1-4C38-9BA6-6594BDD33974}.Release|Any CPU.Build.0 = Release|Any CPU
		{DCE19688-A5C1-469A-B1B5-0625B022E02A}.Debug|Any CPU.ActiveCfg = Debug|Any CPU
		{DCE19688-A5C1-469A-B1B5-0625B022E02A}.Debug|Any CPU.Build.0 = Debug|Any CPU
		{DCE19688-A5C1-469A-B1B5-0625B022E02A}.Release|Any CPU.ActiveCfg = Release|Any CPU
		{DCE19688-A5C1-469A-B1B5-0625B022E02A}.Release|Any CPU.Build.0 = Release|Any CPU
	EndGlobalSection
	GlobalSection(SolutionProperties) = preSolution
		HideSolutionNode = FALSE
	EndGlobalSection
	GlobalSection(ExtensibilityGlobals) = postSolution
		SolutionGuid = {739C47D4-7605-432F-80B1-11DB7DAD9646}
	EndGlobalSection
EndGlobal
